
Microsoft Visual Studio Solution File, Format Version 12.00
Project("{FAE04EC0-301F-11D3-BF4B-00C04F79EFBC}") = "Seyit.Data", "Seyit.Data\Seyit.Data.csproj", "{C917EB9B-C788-4A6C-8CBB-FA95BBF94874}"
EndProject
Project("{FAE04EC0-301F-11D3-BF4B-00C04F79EFBC}") = "Seyit.Business", "Seyit.Business\Seyit.Business.csproj", "{CC5EEC1C-4FF2-4EE3-9C53-1104FA76A9B6}"
EndProject
Project("{FAE04EC0-301F-11D3-BF4B-00C04F79EFBC}") = "Seyit.Web", "Seyit.Web\Seyit.Web.csproj", "{7EC7DF3F-6D9F-4AC0-9248-416E1C5DA041}"
EndProject
Project("{FAE04EC0-301F-11D3-BF4B-00C04F79EFBC}") = "Seyit.Core", "Seyit.Core\Seyit.Core.csproj", "{553DEB64-0FA1-4943-81D3-F37A944FD88D}"
EndProject
Global
	GlobalSection(SolutionConfigurationPlatforms) = preSolution
		Debug|Any CPU = Debug|Any CPU
		Release|Any CPU = Release|Any CPU
	EndGlobalSection
	GlobalSection(ProjectConfigurationPlatforms) = postSolution
		{C917EB9B-C788-4A6C-8CBB-FA95BBF94874}.Debug|Any CPU.ActiveCfg = Debug|Any CPU
		{C917EB9B-C788-4A6C-8CBB-FA95BBF94874}.Debug|Any CPU.Build.0 = Debug|Any CPU
		{C917EB9B-C788-4A6C-8CBB-FA95BBF94874}.Release|Any CPU.ActiveCfg = Release|Any CPU
		{C917EB9B-C788-4A6C-8CBB-FA95BBF94874}.Release|Any CPU.Build.0 = Release|Any CPU
		{CC5EEC1C-4FF2-4EE3-9C53-1104FA76A9B6}.Debug|Any CPU.ActiveCfg = Debug|Any CPU
		{CC5EEC1C-4FF2-4EE3-9C53-1104FA76A9B6}.Debug|Any CPU.Build.0 = Debug|Any CPU
		{CC5EEC1C-4FF2-4EE3-9C53-1104FA76A9B6}.Release|Any CPU.ActiveCfg = Release|Any CPU
		{CC5EEC1C-4FF2-4EE3-9C53-1104FA76A9B6}.Release|Any CPU.Build.0 = Release|Any CPU
		{7EC7DF3F-6D9F-4AC0-9248-416E1C5DA041}.Debug|Any CPU.ActiveCfg = Debug|Any CPU
		{7EC7DF3F-6D9F-4AC0-9248-416E1C5DA041}.Debug|Any CPU.Build.0 = Debug|Any CPU
		{7EC7DF3F-6D9F-4AC0-9248-416E1C5DA041}.Release|Any CPU.ActiveCfg = Release|Any CPU
		{7EC7DF3F-6D9F-4AC0-9248-416E1C5DA041}.Release|Any CPU.Build.0 = Release|Any CPU
		{553DEB64-0FA1-4943-81D3-F37A944FD88D}.Debug|Any CPU.ActiveCfg = Debug|Any CPU
		{553DEB64-0FA1-4943-81D3-F37A944FD88D}.Debug|Any CPU.Build.0 = Debug|Any CPU
		{553DEB64-0FA1-4943-81D3-F37A944FD88D}.Release|Any CPU.ActiveCfg = Release|Any CPU
		{553DEB64-0FA1-4943-81D3-F37A944FD88D}.Release|Any CPU.Build.0 = Release|Any CPU
	EndGlobalSection
EndGlobal
